
Microsoft Visual Studio Solution File, Format Version 11.00
# Visual Studio 2010
Project("{FAE04EC0-301F-11D3-BF4B-00C04F79EFBC}") = "Assembly-CSharp", "Assembly-CSharp.csproj", "{EA92BFA1-5FB2-1B5B-17FD-EBFC7B729876}"
EndProject
Project("{FAE04EC0-301F-11D3-BF4B-00C04F79EFBC}") = "ILRuntime", "ILRuntime.csproj", "{FD58617E-AC39-7528-7163-0FCE248A8315}"
EndProject
Project("{FAE04EC0-301F-11D3-BF4B-00C04F79EFBC}") = "ootii", "ootii.csproj", "{8D7F5CBC-650B-9D37-175E-C21CEC0C9BC1}"
EndProject
Project("{FAE04EC0-301F-11D3-BF4B-00C04F79EFBC}") = "Siccity.GLTFUtility", "Siccity.GLTFUtility.csproj", "{B2346A55-FA97-357E-B04D-102AE87BE834}"
EndProject
Project("{FAE04EC0-301F-11D3-BF4B-00C04F79EFBC}") = "InputTouches", "InputTouches.csproj", "{95105A32-42FA-C621-D83F-D0968A4118AD}"
EndProject
Project("{FAE04EC0-301F-11D3-BF4B-00C04F79EFBC}") = "ootii.Demos", "ootii.Demos.csproj", "{AC053171-FF5B-1DB4-1A1D-444D5A77B260}"
EndProject
Project("{FAE04EC0-301F-11D3-BF4B-00C04F79EFBC}") = "Assembly-CSharp-Editor", "Assembly-CSharp-Editor.csproj", "{EDB80783-BCDA-58B4-EE7F-FA851E3BA9F1}"
EndProject
Project("{FAE04EC0-301F-11D3-BF4B-00C04F79EFBC}") = "ootii.Editor", "ootii.Editor.csproj", "{DB8F90C7-1AC9-A44C-24B5-2A25BF951C74}"
EndProject
Project("{FAE04EC0-301F-11D3-BF4B-00C04F79EFBC}") = "Siccity.GLTFUtility.Editor", "Siccity.GLTFUtility.Editor.csproj", "{94AAA1C1-61AC-BE36-7CC2-3807387C8703}"
EndProject
Global
	GlobalSection(SolutionConfigurationPlatforms) = preSolution
		Debug|Any CPU = Debug|Any CPU
		Release|Any CPU = Release|Any CPU
	EndGlobalSection
	GlobalSection(ProjectConfigurationPlatforms) = postSolution
		{EA92BFA1-5FB2-1B5B-17FD-EBFC7B729876}.Debug|Any CPU.ActiveCfg = Debug|Any CPU
		{EA92BFA1-5FB2-1B5B-17FD-EBFC7B729876}.Debug|Any CPU.Build.0 = Debug|Any CPU
		{EA92BFA1-5FB2-1B5B-17FD-EBFC7B729876}.Release|Any CPU.ActiveCfg = Release|Any CPU
		{EA92BFA1-5FB2-1B5B-17FD-EBFC7B729876}.Release|Any CPU.Build.0 = Release|Any CPU
		{FD58617E-AC39-7528-7163-0FCE248A8315}.Debug|Any CPU.ActiveCfg = Debug|Any CPU
		{FD58617E-AC39-7528-7163-0FCE248A8315}.Debug|Any CPU.Build.0 = Debug|Any CPU
		{FD58617E-AC39-7528-7163-0FCE248A8315}.Release|Any CPU.ActiveCfg = Release|Any CPU
		{FD58617E-AC39-7528-7163-0FCE248A8315}.Release|Any CPU.Build.0 = Release|Any CPU
		{8D7F5CBC-650B-9D37-175E-C21CEC0C9BC1}.Debug|Any CPU.ActiveCfg = Debug|Any CPU
		{8D7F5CBC-650B-9D37-175E-C21CEC0C9BC1}.Debug|Any CPU.Build.0 = Debug|Any CPU
		{8D7F5CBC-650B-9D37-175E-C21CEC0C9BC1}.Release|Any CPU.ActiveCfg = Release|Any CPU
		{8D7F5CBC-650B-9D37-175E-C21CEC0C9BC1}.Release|Any CPU.Build.0 = Release|Any CPU
		{B2346A55-FA97-357E-B04D-102AE87BE834}.Debug|Any CPU.ActiveCfg = Debug|Any CPU
		{B2346A55-FA97-357E-B04D-102AE87BE834}.Debug|Any CPU.Build.0 = Debug|Any CPU
		{B2346A55-FA97-357E-B04D-102AE87BE834}.Release|Any CPU.ActiveCfg = Release|Any CPU
		{B2346A55-FA97-357E-B04D-102AE87BE834}.Release|Any CPU.Build.0 = Release|Any CPU
		{95105A32-42FA-C621-D83F-D0968A4118AD}.Debug|Any CPU.ActiveCfg = Debug|Any CPU
		{95105A32-42FA-C621-D83F-D0968A4118AD}.Debug|Any CPU.Build.0 = Debug|Any CPU
		{95105A32-42FA-C621-D83F-D0968A4118AD}.Release|Any CPU.ActiveCfg = Release|Any CPU
		{95105A32-42FA-C621-D83F-D0968A4118AD}.Release|Any CPU.Build.0 = Release|Any CPU
		{AC053171-FF5B-1DB4-1A1D-444D5A77B260}.Debug|Any CPU.ActiveCfg = Debug|Any CPU
		{AC053171-FF5B-1DB4-1A1D-444D5A77B260}.Debug|Any CPU.Build.0 = Debug|Any CPU
		{AC053171-FF5B-1DB4-1A1D-444D5A77B260}.Release|Any CPU.ActiveCfg = Release|Any CPU
		{AC053171-FF5B-1DB4-1A1D-444D5A77B260}.Release|Any CPU.Build.0 = Release|Any CPU
		{EDB80783-BCDA-58B4-EE7F-FA851E3BA9F1}.Debug|Any CPU.ActiveCfg = Debug|Any CPU
		{EDB80783-BCDA-58B4-EE7F-FA851E3BA9F1}.Debug|Any CPU.Build.0 = Debug|Any CPU
		{EDB80783-BCDA-58B4-EE7F-FA851E3BA9F1}.Release|Any CPU.ActiveCfg = Release|Any CPU
		{EDB80783-BCDA-58B4-EE7F-FA851E3BA9F1}.Release|Any CPU.Build.0 = Release|Any CPU
		{DB8F90C7-1AC9-A44C-24B5-2A25BF951C74}.Debug|Any CPU.ActiveCfg = Debug|Any CPU
		{DB8F90C7-1AC9-A44C-24B5-2A25BF951C74}.Debug|Any CPU.Build.0 = Debug|Any CPU
		{DB8F90C7-1AC9-A44C-24B5-2A25BF951C74}.Release|Any CPU.ActiveCfg = Release|Any CPU
		{DB8F90C7-1AC9-A44C-24B5-2A25BF951C74}.Release|Any CPU.Build.0 = Release|Any CPU
		{94AAA1C1-61AC-BE36-7CC2-3807387C8703}.Debug|Any CPU.ActiveCfg = Debug|Any CPU
		{94AAA1C1-61AC-BE36-7CC2-3807387C8703}.Debug|Any CPU.Build.0 = Debug|Any CPU
		{94AAA1C1-61AC-BE36-7CC2-3807387C8703}.Release|Any CPU.ActiveCfg = Release|Any CPU
		{94AAA1C1-61AC-BE36-7CC2-3807387C8703}.Release|Any CPU.Build.0 = Release|Any CPU
	EndGlobalSection
	GlobalSection(SolutionProperties) = preSolution
		HideSolutionNode = FALSE
	EndGlobalSection
EndGlobal
